
Microsoft Visual Studio Solution File, Format Version 12.00
# Visual Studio Version 17
VisualStudioVersion = 17.14.36202.13 d17.14
MinimumVisualStudioVersion = 10.0.40219.1
Project("{FAE04EC0-301F-11D3-BF4B-00C04F79EFBC}") = "DockerAndCloud", "DockerAndCloud\DockerAndCloud.csproj", "{92C3F730-DEAB-4806-A9EA-79912E9F9D5B}"
EndProject
Project("{FAE04EC0-301F-11D3-BF4B-00C04F79EFBC}") = "Project-1", "Project-1\Project-1.csproj", "{DD686754-1A3F-42CD-94BC-455D91372FE2}"
EndProject
Project("{FAE04EC0-301F-11D3-BF4B-00C04F79EFBC}") = "Project-2", "Project-2\Backend\Project-2.csproj", "{F2B84454-966F-4127-AF87-B31064C9A244}"
EndProject
Project("{FAE04EC0-301F-11D3-BF4B-00C04F79EFBC}") = "Project-3", "Project-3\Backend\Project-3.csproj", "{F8361557-D02F-4B8C-9257-F835282DF268}"
EndProject
Project("{2150E333-8FDC-42A3-9474-1A3956D46DE8}") = "Project-4", "Project-4", "{377EC5AF-2C04-4B5E-AA44-0B498A3763CE}"
	ProjectSection(SolutionItems) = preProject
		Project-4\commands.txt = Project-4\commands.txt
	EndProjectSection
EndProject
Project("{2150E333-8FDC-42A3-9474-1A3956D46DE8}") = "Project-4.Api", "Project-4.Api", "{E7A769BA-DA1B-408D-A7A8-5E25136414A6}"
EndProject
Project("{2150E333-8FDC-42A3-9474-1A3956D46DE8}") = "Project-4.Consumers", "Project-4.Consumers", "{9546D007-3FF6-4366-9194-01E5A5885AA2}"
EndProject
Project("{FAE04EC0-301F-11D3-BF4B-00C04F79EFBC}") = "CoreLibrary", "Project-4\CoreLibrary\CoreLibrary.csproj", "{5A4A28A2-A89B-4ADE-AEF1-AFF97A65B052}"
EndProject
Project("{FAE04EC0-301F-11D3-BF4B-00C04F79EFBC}") = "Project-4.Publisher.Api", "Project-4\Project-4.Api\Project-4.Publisher.Api\Project-4.Publisher.Api.csproj", "{21243A32-D4EB-4123-B154-CF744814DB42}"
EndProject
Project("{FAE04EC0-301F-11D3-BF4B-00C04F79EFBC}") = "EmailService", "Project-4\Project-4.Consumers\EmailService\EmailService.csproj", "{48632F8C-E90F-468F-8CA4-7CC451D385BD}"
EndProject
Project("{FAE04EC0-301F-11D3-BF4B-00C04F79EFBC}") = "PaymentService", "Project-4\Project-4.Consumers\PaymentService\PaymentService.csproj", "{F56CBA5E-0C77-444D-97DD-C1F02525A19C}"
EndProject
Project("{FAE04EC0-301F-11D3-BF4B-00C04F79EFBC}") = "RetryService", "Project-4\Project-4.Consumers\RetryService\RetryService.csproj", "{F0050734-50BF-4DB5-9A81-E8769132D732}"
EndProject
Project("{2150E333-8FDC-42A3-9474-1A3956D46DE8}") = "Docker", "Docker", "{02EA681E-C7D8-13C7-8484-4AC65E1B71E8}"
	ProjectSection(SolutionItems) = preProject
		Project-4\Docker\EmailService.Dockerfile = Project-4\Docker\EmailService.Dockerfile
		Project-4\Docker\PaymentService.Dockerfile = Project-4\Docker\PaymentService.Dockerfile
		Project-4\Docker\RetryService.Dockerfile = Project-4\Docker\RetryService.Dockerfile
		.dockerignore = .dockerignore
		Project-4\Docker\docker-compose.yml = Project-4\Docker\docker-compose.yml
		Project-4\Docker\WebApi.Dockerfile = Project-4\Docker\WebApi.Dockerfile
		Project-4\Docker\nginx.conf = Project-4\Docker\nginx.conf
		Project-4\Docker\aws.docker-compose.yml = Project-4\Docker\aws.docker-compose.yml
	EndProjectSection
EndProject
Project("{2150E333-8FDC-42A3-9474-1A3956D46DE8}") = "Project-5", "Project-5", "{D440B357-C7C6-4C3E-A5F8-FA0F8AFAD143}"
EndProject
Project("{FAE04EC0-301F-11D3-BF4B-00C04F79EFBC}") = "Consumer", "Project-5\Consumer\Consumer.csproj", "{D4E9B455-507D-441A-ADCC-4C1DD1F9DAC8}"
EndProject
Project("{FAE04EC0-301F-11D3-BF4B-00C04F79EFBC}") = "Publisher", "Project-5\Publisher\Publisher.csproj", "{745ECF97-DE7C-41DD-AA16-CDC0BC862E80}"
EndProject
Project("{FAE04EC0-301F-11D3-BF4B-00C04F79EFBC}") = "Contracts", "Project-5\Contracts\Contracts.csproj", "{3B19D03A-85A2-47A4-93A0-C411D2CD74FE}"
EndProject
Project("{FAE04EC0-301F-11D3-BF4B-00C04F79EFBC}") = "CoffeeShop", "Project-5\CoffeeShop\CoffeeShop.csproj", "{7850C095-A5A8-4100-86CE-3174924D96E0}"
EndProject
Global
	GlobalSection(SolutionConfigurationPlatforms) = preSolution
		Debug|Any CPU = Debug|Any CPU
		Release|Any CPU = Release|Any CPU
	EndGlobalSection
	GlobalSection(ProjectConfigurationPlatforms) = postSolution
		{92C3F730-DEAB-4806-A9EA-79912E9F9D5B}.Debug|Any CPU.ActiveCfg = Debug|Any CPU
		{92C3F730-DEAB-4806-A9EA-79912E9F9D5B}.Debug|Any CPU.Build.0 = Debug|Any CPU
		{92C3F730-DEAB-4806-A9EA-79912E9F9D5B}.Release|Any CPU.ActiveCfg = Release|Any CPU
		{92C3F730-DEAB-4806-A9EA-79912E9F9D5B}.Release|Any CPU.Build.0 = Release|Any CPU
		{DD686754-1A3F-42CD-94BC-455D91372FE2}.Debug|Any CPU.ActiveCfg = Debug|Any CPU
		{DD686754-1A3F-42CD-94BC-455D91372FE2}.Debug|Any CPU.Build.0 = Debug|Any CPU
		{DD686754-1A3F-42CD-94BC-455D91372FE2}.Release|Any CPU.ActiveCfg = Release|Any CPU
		{DD686754-1A3F-42CD-94BC-455D91372FE2}.Release|Any CPU.Build.0 = Release|Any CPU
		{F2B84454-966F-4127-AF87-B31064C9A244}.Debug|Any CPU.ActiveCfg = Debug|Any CPU
		{F2B84454-966F-4127-AF87-B31064C9A244}.Debug|Any CPU.Build.0 = Debug|Any CPU
		{F2B84454-966F-4127-AF87-B31064C9A244}.Release|Any CPU.ActiveCfg = Release|Any CPU
		{F2B84454-966F-4127-AF87-B31064C9A244}.Release|Any CPU.Build.0 = Release|Any CPU
		{F8361557-D02F-4B8C-9257-F835282DF268}.Debug|Any CPU.ActiveCfg = Debug|Any CPU
		{F8361557-D02F-4B8C-9257-F835282DF268}.Debug|Any CPU.Build.0 = Debug|Any CPU
		{F8361557-D02F-4B8C-9257-F835282DF268}.Release|Any CPU.ActiveCfg = Release|Any CPU
		{F8361557-D02F-4B8C-9257-F835282DF268}.Release|Any CPU.Build.0 = Release|Any CPU
		{5A4A28A2-A89B-4ADE-AEF1-AFF97A65B052}.Debug|Any CPU.ActiveCfg = Debug|Any CPU
		{5A4A28A2-A89B-4ADE-AEF1-AFF97A65B052}.Debug|Any CPU.Build.0 = Debug|Any CPU
		{5A4A28A2-A89B-4ADE-AEF1-AFF97A65B052}.Release|Any CPU.ActiveCfg = Release|Any CPU
		{5A4A28A2-A89B-4ADE-AEF1-AFF97A65B052}.Release|Any CPU.Build.0 = Release|Any CPU
		{21243A32-D4EB-4123-B154-CF744814DB42}.Debug|Any CPU.ActiveCfg = Debug|Any CPU
		{21243A32-D4EB-4123-B154-CF744814DB42}.Debug|Any CPU.Build.0 = Debug|Any CPU
		{21243A32-D4EB-4123-B154-CF744814DB42}.Release|Any CPU.ActiveCfg = Release|Any CPU
		{21243A32-D4EB-4123-B154-CF744814DB42}.Release|Any CPU.Build.0 = Release|Any CPU
		{48632F8C-E90F-468F-8CA4-7CC451D385BD}.Debug|Any CPU.ActiveCfg = Debug|Any CPU
		{48632F8C-E90F-468F-8CA4-7CC451D385BD}.Debug|Any CPU.Build.0 = Debug|Any CPU
		{48632F8C-E90F-468F-8CA4-7CC451D385BD}.Release|Any CPU.ActiveCfg = Release|Any CPU
		{48632F8C-E90F-468F-8CA4-7CC451D385BD}.Release|Any CPU.Build.0 = Release|Any CPU
		{F56CBA5E-0C77-444D-97DD-C1F02525A19C}.Debug|Any CPU.ActiveCfg = Debug|Any CPU
		{F56CBA5E-0C77-444D-97DD-C1F02525A19C}.Debug|Any CPU.Build.0 = Debug|Any CPU
		{F56CBA5E-0C77-444D-97DD-C1F02525A19C}.Release|Any CPU.ActiveCfg = Release|Any CPU
		{F56CBA5E-0C77-444D-97DD-C1F02525A19C}.Release|Any CPU.Build.0 = Release|Any CPU
		{F0050734-50BF-4DB5-9A81-E8769132D732}.Debug|Any CPU.ActiveCfg = Debug|Any CPU
		{F0050734-50BF-4DB5-9A81-E8769132D732}.Debug|Any CPU.Build.0 = Debug|Any CPU
		{F0050734-50BF-4DB5-9A81-E8769132D732}.Release|Any CPU.ActiveCfg = Release|Any CPU
		{F0050734-50BF-4DB5-9A81-E8769132D732}.Release|Any CPU.Build.0 = Release|Any CPU
		{D4E9B455-507D-441A-ADCC-4C1DD1F9DAC8}.Debug|Any CPU.ActiveCfg = Debug|Any CPU
		{D4E9B455-507D-441A-ADCC-4C1DD1F9DAC8}.Debug|Any CPU.Build.0 = Debug|Any CPU
		{D4E9B455-507D-441A-ADCC-4C1DD1F9DAC8}.Release|Any CPU.ActiveCfg = Release|Any CPU
		{D4E9B455-507D-441A-ADCC-4C1DD1F9DAC8}.Release|Any CPU.Build.0 = Release|Any CPU
		{745ECF97-DE7C-41DD-AA16-CDC0BC862E80}.Debug|Any CPU.ActiveCfg = Debug|Any CPU
		{745ECF97-DE7C-41DD-AA16-CDC0BC862E80}.Debug|Any CPU.Build.0 = Debug|Any CPU
		{745ECF97-DE7C-41DD-AA16-CDC0BC862E80}.Release|Any CPU.ActiveCfg = Release|Any CPU
		{745ECF97-DE7C-41DD-AA16-CDC0BC862E80}.Release|Any CPU.Build.0 = Release|Any CPU
		{3B19D03A-85A2-47A4-93A0-C411D2CD74FE}.Debug|Any CPU.ActiveCfg = Debug|Any CPU
		{3B19D03A-85A2-47A4-93A0-C411D2CD74FE}.Debug|Any CPU.Build.0 = Debug|Any CPU
		{3B19D03A-85A2-47A4-93A0-C411D2CD74FE}.Release|Any CPU.ActiveCfg = Release|Any CPU
		{3B19D03A-85A2-47A4-93A0-C411D2CD74FE}.Release|Any CPU.Build.0 = Release|Any CPU
		{7850C095-A5A8-4100-86CE-3174924D96E0}.Debug|Any CPU.ActiveCfg = Debug|Any CPU
		{7850C095-A5A8-4100-86CE-3174924D96E0}.Debug|Any CPU.Build.0 = Debug|Any CPU
		{7850C095-A5A8-4100-86CE-3174924D96E0}.Release|Any CPU.ActiveCfg = Release|Any CPU
		{7850C095-A5A8-4100-86CE-3174924D96E0}.Release|Any CPU.Build.0 = Release|Any CPU
	EndGlobalSection
	GlobalSection(SolutionProperties) = preSolution
		HideSolutionNode = FALSE
	EndGlobalSection
	GlobalSection(NestedProjects) = preSolution
		{E7A769BA-DA1B-408D-A7A8-5E25136414A6} = {377EC5AF-2C04-4B5E-AA44-0B498A3763CE}
		{9546D007-3FF6-4366-9194-01E5A5885AA2} = {377EC5AF-2C04-4B5E-AA44-0B498A3763CE}
		{5A4A28A2-A89B-4ADE-AEF1-AFF97A65B052} = {377EC5AF-2C04-4B5E-AA44-0B498A3763CE}
		{21243A32-D4EB-4123-B154-CF744814DB42} = {E7A769BA-DA1B-408D-A7A8-5E25136414A6}
		{48632F8C-E90F-468F-8CA4-7CC451D385BD} = {9546D007-3FF6-4366-9194-01E5A5885AA2}
		{F56CBA5E-0C77-444D-97DD-C1F02525A19C} = {9546D007-3FF6-4366-9194-01E5A5885AA2}
		{F0050734-50BF-4DB5-9A81-E8769132D732} = {9546D007-3FF6-4366-9194-01E5A5885AA2}
		{02EA681E-C7D8-13C7-8484-4AC65E1B71E8} = {377EC5AF-2C04-4B5E-AA44-0B498A3763CE}
		{D4E9B455-507D-441A-ADCC-4C1DD1F9DAC8} = {D440B357-C7C6-4C3E-A5F8-FA0F8AFAD143}
		{745ECF97-DE7C-41DD-AA16-CDC0BC862E80} = {D440B357-C7C6-4C3E-A5F8-FA0F8AFAD143}
		{3B19D03A-85A2-47A4-93A0-C411D2CD74FE} = {D440B357-C7C6-4C3E-A5F8-FA0F8AFAD143}
		{7850C095-A5A8-4100-86CE-3174924D96E0} = {D440B357-C7C6-4C3E-A5F8-FA0F8AFAD143}
	EndGlobalSection
	GlobalSection(ExtensibilityGlobals) = postSolution
		SolutionGuid = {1C1EBC6B-A245-4B75-928B-DD4DC5B738D4}
	EndGlobalSection
EndGlobal
