
Microsoft Visual Studio Solution File, Format Version 12.00
Project("{FAE04EC0-301F-11D3-BF4B-00C04F79EFBC}") = "DockerAndCloud", "DockerAndCloud\DockerAndCloud.csproj", "{92C3F730-DEAB-4806-A9EA-79912E9F9D5B}"
EndProject
Project("{FAE04EC0-301F-11D3-BF4B-00C04F79EFBC}") = "Project-1", "Project-1\Project-1.csproj", "{DD686754-1A3F-42CD-94BC-455D91372FE2}"
EndProject
Project("{FAE04EC0-301F-11D3-BF4B-00C04F79EFBC}") = "Project-2", "Project-2\Project-2.csproj", "{577EA622-664D-4EA7-9FAA-6AA5A897FB30}"
EndProject
Global
	GlobalSection(SolutionConfigurationPlatforms) = preSolution
		Debug|Any CPU = Debug|Any CPU
		Release|Any CPU = Release|Any CPU
	EndGlobalSection
	GlobalSection(ProjectConfigurationPlatforms) = postSolution
		{92C3F730-DEAB-4806-A9EA-79912E9F9D5B}.Debug|Any CPU.ActiveCfg = Debug|Any CPU
		{92C3F730-DEAB-4806-A9EA-79912E9F9D5B}.Debug|Any CPU.Build.0 = Debug|Any CPU
		{92C3F730-DEAB-4806-A9EA-79912E9F9D5B}.Release|Any CPU.ActiveCfg = Release|Any CPU
		{92C3F730-DEAB-4806-A9EA-79912E9F9D5B}.Release|Any CPU.Build.0 = Release|Any CPU
		{DD686754-1A3F-42CD-94BC-455D91372FE2}.Debug|Any CPU.ActiveCfg = Debug|Any CPU
		{DD686754-1A3F-42CD-94BC-455D91372FE2}.Debug|Any CPU.Build.0 = Debug|Any CPU
		{DD686754-1A3F-42CD-94BC-455D91372FE2}.Release|Any CPU.ActiveCfg = Release|Any CPU
		{DD686754-1A3F-42CD-94BC-455D91372FE2}.Release|Any CPU.Build.0 = Release|Any CPU
		{577EA622-664D-4EA7-9FAA-6AA5A897FB30}.Debug|Any CPU.ActiveCfg = Debug|Any CPU
		{577EA622-664D-4EA7-9FAA-6AA5A897FB30}.Debug|Any CPU.Build.0 = Debug|Any CPU
		{577EA622-664D-4EA7-9FAA-6AA5A897FB30}.Release|Any CPU.ActiveCfg = Release|Any CPU
		{577EA622-664D-4EA7-9FAA-6AA5A897FB30}.Release|Any CPU.Build.0 = Release|Any CPU
	EndGlobalSection
EndGlobal
